
Microsoft Visual Studio Solution File, Format Version 12.00
# Visual Studio Version 16
VisualStudioVersion = 16.0.31624.102
MinimumVisualStudioVersion = 10.0.40219.1
Project("{FAE04EC0-301F-11D3-BF4B-00C04F79EFBC}") = "calculator", "calculator\calculator.csproj", "{056AC729-EDF4-4D7C-9DDE-D05646270FFD}"
EndProject
Project("{FAE04EC0-301F-11D3-BF4B-00C04F79EFBC}") = "calculator.Tests", "calculator.Tests\calculator.Tests.csproj", "{0D2237E9-8619-4F51-AACB-50A44856F44D}"
EndProject
Global
	GlobalSection(SolutionConfigurationPlatforms) = preSolution
		Debug|Any CPU = Debug|Any CPU
		Release|Any CPU = Release|Any CPU
	EndGlobalSection
	GlobalSection(ProjectConfigurationPlatforms) = postSolution
		{056AC729-EDF4-4D7C-9DDE-D05646270FFD}.Debug|Any CPU.ActiveCfg = Debug|Any CPU
		{056AC729-EDF4-4D7C-9DDE-D05646270FFD}.Debug|Any CPU.Build.0 = Debug|Any CPU
		{056AC729-EDF4-4D7C-9DDE-D05646270FFD}.Release|Any CPU.ActiveCfg = Release|Any CPU
		{056AC729-EDF4-4D7C-9DDE-D05646270FFD}.Release|Any CPU.Build.0 = Release|Any CPU
		{0D2237E9-8619-4F51-AACB-50A44856F44D}.Debug|Any CPU.ActiveCfg = Debug|Any CPU
		{0D2237E9-8619-4F51-AACB-50A44856F44D}.Debug|Any CPU.Build.0 = Debug|Any CPU
		{0D2237E9-8619-4F51-AACB-50A44856F44D}.Release|Any CPU.ActiveCfg = Release|Any CPU
		{0D2237E9-8619-4F51-AACB-50A44856F44D}.Release|Any CPU.Build.0 = Release|Any CPU
	EndGlobalSection
	GlobalSection(SolutionProperties) = preSolution
		HideSolutionNode = FALSE
	EndGlobalSection
	GlobalSection(ExtensibilityGlobals) = postSolution
		SolutionGuid = {9D3B507E-502B-4A0A-B28F-A33F66CBA459}
	EndGlobalSection
EndGlobal
